// !$*UTF8*$!
{
	archiveVersion = 1;
	classes = {
	};
	objectVersion = 46;
	objects = {

/* Begin PBXBuildFile section */
		7349AA991D457A0E0016E8CE /* AppDelegate.swift in Sources */ = {isa = PBXBuildFile; fileRef = 7349AA981D457A0E0016E8CE /* AppDelegate.swift */; };
		7349AA9B1D457A0E0016E8CE /* MainListTableViewController.swift in Sources */ = {isa = PBXBuildFile; fileRef = 7349AA9A1D457A0E0016E8CE /* MainListTableViewController.swift */; };
		7349AA9E1D457A0E0016E8CE /* Main.storyboard in Resources */ = {isa = PBXBuildFile; fileRef = 7349AA9C1D457A0E0016E8CE /* Main.storyboard */; };
		7349AAA01D457A0E0016E8CE /* Assets.xcassets in Resources */ = {isa = PBXBuildFile; fileRef = 7349AA9F1D457A0E0016E8CE /* Assets.xcassets */; };
		7349AAA31D457A0E0016E8CE /* LaunchScreen.storyboard in Resources */ = {isa = PBXBuildFile; fileRef = 7349AAA11D457A0E0016E8CE /* LaunchScreen.storyboard */; };
		7349AAAE1D457A0E0016E8CE /* RecipeTests.swift in Sources */ = {isa = PBXBuildFile; fileRef = 7349AAAD1D457A0E0016E8CE /* RecipeTests.swift */; };
		7349AAB91D457DEC0016E8CE /* Recipe.swift in Sources */ = {isa = PBXBuildFile; fileRef = 7349AAB81D457DEC0016E8CE /* Recipe.swift */; };
		7349AABB1D4697B20016E8CE /* DetailViewController.swift in Sources */ = {isa = PBXBuildFile; fileRef = 7349AABA1D4697B20016E8CE /* DetailViewController.swift */; };
/* End PBXBuildFile section */

/* Begin PBXContainerItemProxy section */
		7349AAAA1D457A0E0016E8CE /* PBXContainerItemProxy */ = {
			isa = PBXContainerItemProxy;
			containerPortal = 7349AA8D1D457A0E0016E8CE /* Project object */;
			proxyType = 1;
			remoteGlobalIDString = 7349AA941D457A0E0016E8CE;
			remoteInfo = Recipe;
		};
/* End PBXContainerItemProxy section */

/* Begin PBXFileReference section */
		7349AA951D457A0E0016E8CE /* Recipe.app */ = {isa = PBXFileReference; explicitFileType = wrapper.application; includeInIndex = 0; path = Recipe.app; sourceTree = BUILT_PRODUCTS_DIR; };
		7349AA981D457A0E0016E8CE /* AppDelegate.swift */ = {isa = PBXFileReference; lastKnownFileType = sourcecode.swift; path = AppDelegate.swift; sourceTree = "<group>"; };
		7349AA9A1D457A0E0016E8CE /* MainListTableViewController.swift */ = {isa = PBXFileReference; lastKnownFileType = sourcecode.swift; path = MainListTableViewController.swift; sourceTree = "<group>"; };
		7349AA9D1D457A0E0016E8CE /* Base */ = {isa = PBXFileReference; lastKnownFileType = file.storyboard; name = Base; path = Base.lproj/Main.storyboard; sourceTree = "<group>"; };
		7349AA9F1D457A0E0016E8CE /* Assets.xcassets */ = {isa = PBXFileReference; lastKnownFileType = folder.assetcatalog; path = Assets.xcassets; sourceTree = "<group>"; };
		7349AAA21D457A0E0016E8CE /* Base */ = {isa = PBXFileReference; lastKnownFileType = file.storyboard; name = Base; path = Base.lproj/LaunchScreen.storyboard; sourceTree = "<group>"; };
		7349AAA41D457A0E0016E8CE /* Info.plist */ = {isa = PBXFileReference; lastKnownFileType = text.plist.xml; path = Info.plist; sourceTree = "<group>"; };
		7349AAA91D457A0E0016E8CE /* RecipeTests.xctest */ = {isa = PBXFileReference; explicitFileType = wrapper.cfbundle; includeInIndex = 0; path = RecipeTests.xctest; sourceTree = BUILT_PRODUCTS_DIR; };
		7349AAAD1D457A0E0016E8CE /* RecipeTests.swift */ = {isa = PBXFileReference; lastKnownFileType = sourcecode.swift; path = RecipeTests.swift; sourceTree = "<group>"; };
		7349AAAF1D457A0E0016E8CE /* Info.plist */ = {isa = PBXFileReference; lastKnownFileType = text.plist.xml; path = Info.plist; sourceTree = "<group>"; };
		7349AAB81D457DEC0016E8CE /* Recipe.swift */ = {isa = PBXFileReference; fileEncoding = 4; lastKnownFileType = sourcecode.swift; path = Recipe.swift; sourceTree = "<group>"; };
		7349AABA1D4697B20016E8CE /* DetailViewController.swift */ = {isa = PBXFileReference; fileEncoding = 4; lastKnownFileType = sourcecode.swift; path = DetailViewController.swift; sourceTree = "<group>"; };
/* End PBXFileReference section */

/* Begin PBXFrameworksBuildPhase section */
		7349AA921D457A0E0016E8CE /* Frameworks */ = {
			isa = PBXFrameworksBuildPhase;
			buildActionMask = 2147483647;
			files = (
			);
			runOnlyForDeploymentPostprocessing = 0;
		};
		7349AAA61D457A0E0016E8CE /* Frameworks */ = {
			isa = PBXFrameworksBuildPhase;
			buildActionMask = 2147483647;
			files = (
			);
			runOnlyForDeploymentPostprocessing = 0;
		};
/* End PBXFrameworksBuildPhase section */

/* Begin PBXGroup section */
		7349AA8C1D457A0E0016E8CE = {
			isa = PBXGroup;
			children = (
				7349AA971D457A0E0016E8CE /* Recipe */,
				7349AAAC1D457A0E0016E8CE /* RecipeTests */,
				7349AA961D457A0E0016E8CE /* Products */,
			);
			sourceTree = "<group>";
		};
		7349AA961D457A0E0016E8CE /* Products */ = {
			isa = PBXGroup;
			children = (
				7349AA951D457A0E0016E8CE /* Recipe.app */,
				7349AAA91D457A0E0016E8CE /* RecipeTests.xctest */,
			);
			name = Products;
			sourceTree = "<group>";
		};
		7349AA971D457A0E0016E8CE /* Recipe */ = {
			isa = PBXGroup;
			children = (
				7349AA981D457A0E0016E8CE /* AppDelegate.swift */,
				7349AA9C1D457A0E0016E8CE /* Main.storyboard */,
				7349AA9F1D457A0E0016E8CE /* Assets.xcassets */,
				7349AAA11D457A0E0016E8CE /* LaunchScreen.storyboard */,
				7349AAA41D457A0E0016E8CE /* Info.plist */,
				7349AA9A1D457A0E0016E8CE /* MainListTableViewController.swift */,
				7349AAB81D457DEC0016E8CE /* Recipe.swift */,
				7349AABA1D4697B20016E8CE /* DetailViewController.swift */,
			);
			path = Recipe;
			sourceTree = "<group>";
		};
		7349AAAC1D457A0E0016E8CE /* RecipeTests */ = {
			isa = PBXGroup;
			children = (
				7349AAAD1D457A0E0016E8CE /* RecipeTests.swift */,
				7349AAAF1D457A0E0016E8CE /* Info.plist */,
			);
			path = RecipeTests;
			sourceTree = "<group>";
		};
/* End PBXGroup section */

/* Begin PBXNativeTarget section */
		7349AA941D457A0E0016E8CE /* Recipe */ = {
			isa = PBXNativeTarget;
			buildConfigurationList = 7349AAB21D457A0E0016E8CE /* Build configuration list for PBXNativeTarget "Recipe" */;
			buildPhases = (
				7349AA911D457A0E0016E8CE /* Sources */,
				7349AA921D457A0E0016E8CE /* Frameworks */,
				7349AA931D457A0E0016E8CE /* Resources */,
			);
			buildRules = (
			);
			dependencies = (
			);
			name = Recipe;
			productName = Recipe;
			productReference = 7349AA951D457A0E0016E8CE /* Recipe.app */;
			productType = "com.apple.product-type.application";
		};
		7349AAA81D457A0E0016E8CE /* RecipeTests */ = {
			isa = PBXNativeTarget;
			buildConfigurationList = 7349AAB51D457A0E0016E8CE /* Build configuration list for PBXNativeTarget "RecipeTests" */;
			buildPhases = (
				7349AAA51D457A0E0016E8CE /* Sources */,
				7349AAA61D457A0E0016E8CE /* Frameworks */,
				7349AAA71D457A0E0016E8CE /* Resources */,
			);
			buildRules = (
			);
			dependencies = (
				7349AAAB1D457A0E0016E8CE /* PBXTargetDependency */,
			);
			name = RecipeTests;
			productName = RecipeTests;
			productReference = 7349AAA91D457A0E0016E8CE /* RecipeTests.xctest */;
			productType = "com.apple.product-type.bundle.unit-test";
		};
/* End PBXNativeTarget section */

/* Begin PBXProject section */
		7349AA8D1D457A0E0016E8CE /* Project object */ = {
			isa = PBXProject;
			attributes = {
				LastSwiftUpdateCheck = 0730;
				LastUpgradeCheck = 0730;
				ORGANIZATIONNAME = "Rahul Seshan";
				TargetAttributes = {
					7349AA941D457A0E0016E8CE = {
						CreatedOnToolsVersion = 7.3.1;
					};
					7349AAA81D457A0E0016E8CE = {
						CreatedOnToolsVersion = 7.3.1;
						TestTargetID = 7349AA941D457A0E0016E8CE;
					};
				};
			};
			buildConfigurationList = 7349AA901D457A0E0016E8CE /* Build configuration list for PBXProject "Recipe" */;
			compatibilityVersion = "Xcode 3.2";
			developmentRegion = English;
			hasScannedForEncodings = 0;
			knownRegions = (
				en,
				Base,
			);
			mainGroup = 7349AA8C1D457A0E0016E8CE;
			productRefGroup = 7349AA961D457A0E0016E8CE /* Products */;
			projectDirPath = "";
			projectRoot = "";
			targets = (
				7349AA941D457A0E0016E8CE /* Recipe */,
				7349AAA81D457A0E0016E8CE /* RecipeTests */,
			);
		};
/* End PBXProject section */

/* Begin PBXResourcesBuildPhase section */
		7349AA931D457A0E0016E8CE /* Resources */ = {
			isa = PBXResourcesBuildPhase;
			buildActionMask = 2147483647;
			files = (
				7349AAA31D457A0E0016E8CE /* LaunchScreen.storyboard in Resources */,
				7349AAA01D457A0E0016E8CE /* Assets.xcassets in Resources */,
				7349AA9E1D457A0E0016E8CE /* Main.storyboard in Resources */,
			);
			runOnlyForDeploymentPostprocessing = 0;
		};
		7349AAA71D457A0E0016E8CE /* Resources */ = {
			isa = PBXResourcesBuildPhase;
			buildActionMask = 2147483647;
			files = (
			);
			runOnlyForDeploymentPostprocessing = 0;
		};
/* End PBXResourcesBuildPhase section */

/* Begin PBXSourcesBuildPhase section */
		7349AA911D457A0E0016E8CE /* Sources */ = {
			isa = PBXSourcesBuildPhase;
			buildActionMask = 2147483647;
			files = (
				7349AAB91D457DEC0016E8CE /* Recipe.swift in Sources */,
				7349AA9B1D457A0E0016E8CE /* MainListTableViewController.swift in Sources */,
				7349AA991D457A0E0016E8CE /* AppDelegate.swift in Sources */,
				7349AABB1D4697B20016E8CE /* DetailViewController.swift in Sources */,
			);
			runOnlyForDeploymentPostprocessing = 0;
		};
		7349AAA51D457A0E0016E8CE /* Sources */ = {
			isa = PBXSourcesBuildPhase;
			buildActionMask = 2147483647;
			files = (
				7349AAAE1D457A0E0016E8CE /* RecipeTests.swift in Sources */,
			);
			runOnlyForDeploymentPostprocessing = 0;
		};
/* End PBXSourcesBuildPhase section */

/* Begin PBXTargetDependency section */
		7349AAAB1D457A0E0016E8CE /* PBXTargetDependency */ = {
			isa = PBXTargetDependency;
			target = 7349AA941D457A0E0016E8CE /* Recipe */;
			targetProxy = 7349AAAA1D457A0E0016E8CE /* PBXContainerItemProxy */;
		};
/* End PBXTargetDependency section */

/* Begin PBXVariantGroup section */
		7349AA9C1D457A0E0016E8CE /* Main.storyboard */ = {
			isa = PBXVariantGroup;
			children = (
				7349AA9D1D457A0E0016E8CE /* Base */,
			);
			name = Main.storyboard;
			sourceTree = "<group>";
		};
		7349AAA11D457A0E0016E8CE /* LaunchScreen.storyboard */ = {
			isa = PBXVariantGroup;
			children = (
				7349AAA21D457A0E0016E8CE /* Base */,
			);
			name = LaunchScreen.storyboard;
			sourceTree = "<group>";
		};
/* End PBXVariantGroup section */

/* Begin XCBuildConfiguration section */
		7349AAB01D457A0E0016E8CE /* Debug */ = {
			isa = XCBuildConfiguration;
			buildSettings = {
				ALWAYS_SEARCH_USER_PATHS = NO;
				CLANG_ANALYZER_NONNULL = YES;
				CLANG_CXX_LANGUAGE_STANDARD = "gnu++0x";
				CLANG_CXX_LIBRARY = "libc++";
				CLANG_ENABLE_MODULES = YES;
				CLANG_ENABLE_OBJC_ARC = YES;
				CLANG_WARN_BOOL_CONVERSION = YES;
				CLANG_WARN_CONSTANT_CONVERSION = YES;
				CLANG_WARN_DIRECT_OBJC_ISA_USAGE = YES_ERROR;
				CLANG_WARN_EMPTY_BODY = YES;
				CLANG_WARN_ENUM_CONVERSION = YES;
				CLANG_WARN_INT_CONVERSION = YES;
				CLANG_WARN_OBJC_ROOT_CLASS = YES_ERROR;
				CLANG_WARN_UNREACHABLE_CODE = YES;
				CLANG_WARN__DUPLICATE_METHOD_MATCH = YES;
				"CODE_SIGN_IDENTITY[sdk=iphoneos*]" = "iPhone Developer";
				COPY_PHASE_STRIP = NO;
				DEBUG_INFORMATION_FORMAT = dwarf;
				ENABLE_STRICT_OBJC_MSGSEND = YES;
				ENABLE_TESTABILITY = YES;
				GCC_C_LANGUAGE_STANDARD = gnu99;
				GCC_DYNAMIC_NO_PIC = NO;
				GCC_NO_COMMON_BLOCKS = YES;
				GCC_OPTIMIZATION_LEVEL = 0;
				GCC_PREPROCESSOR_DEFINITIONS = (
					"DEBUG=1",
					"$(inherited)",
				);
				GCC_WARN_64_TO_32_BIT_CONVERSION = YES;
				GCC_WARN_ABOUT_RETURN_TYPE = YES_ERROR;
				GCC_WARN_UNDECLARED_SELECTOR = YES;
				GCC_WARN_UNINITIALIZED_AUTOS = YES_AGGRESSIVE;
				GCC_WARN_UNUSED_FUNCTION = YES;
				GCC_WARN_UNUSED_VARIABLE = YES;
				IPHONEOS_DEPLOYMENT_TARGET = 9.3;
				MTL_ENABLE_DEBUG_INFO = YES;
				ONLY_ACTIVE_ARCH = YES;
				SDKROOT = iphoneos;
				SWIFT_OPTIMIZATION_LEVEL = "-Onone";
			};
			name = Debug;
		};
		7349AAB11D457A0E0016E8CE /* Release */ = {
			isa = XCBuildConfiguration;
			buildSettings = {
				ALWAYS_SEARCH_USER_PATHS = NO;
				CLANG_ANALYZER_NONNULL = YES;
				CLANG_CXX_LANGUAGE_STANDARD = "gnu++0x";
				CLANG_CXX_LIBRARY = "libc++";
				CLANG_ENABLE_MODULES = YES;
				CLANG_ENABLE_OBJC_ARC = YES;
				CLANG_WARN_BOOL_CONVERSION = YES;
				CLANG_WARN_CONSTANT_CONVERSION = YES;
				CLANG_WARN_DIRECT_OBJC_ISA_USAGE = YES_ERROR;
				CLANG_WARN_EMPTY_BODY = YES;
				CLANG_WARN_ENUM_CONVERSION = YES;
				CLANG_WARN_INT_CONVERSION = YES;
				CLANG_WARN_OBJC_ROOT_CLASS = YES_ERROR;
				CLANG_WARN_UNREACHABLE_CODE = YES;
				CLANG_WARN__DUPLICATE_METHOD_MATCH = YES;
				"CODE_SIGN_IDENTITY[sdk=iphoneos*]" = "iPhone Developer";
				COPY_PHASE_STRIP = NO;
				DEBUG_INFORMATION_FORMAT = "dwarf-with-dsym";
				ENABLE_NS_ASSERTIONS = NO;
				ENABLE_STRICT_OBJC_MSGSEND = YES;
				GCC_C_LANGUAGE_STANDARD = gnu99;
				GCC_NO_COMMON_BLOCKS = YES;
				GCC_WARN_64_TO_32_BIT_CONVERSION = YES;
				GCC_WARN_ABOUT_RETURN_TYPE = YES_ERROR;
				GCC_WARN_UNDECLARED_SELECTOR = YES;
				GCC_WARN_UNINITIALIZED_AUTOS = YES_AGGRESSIVE;
				GCC_WARN_UNUSED_FUNCTION = YES;
				GCC_WARN_UNUSED_VARIABLE = YES;
				IPHONEOS_DEPLOYMENT_TARGET = 9.3;
				MTL_ENABLE_DEBUG_INFO = NO;
				SDKROOT = iphoneos;
				VALIDATE_PRODUCT = YES;
			};
			name = Release;
		};
		7349AAB31D457A0E0016E8CE /* Debug */ = {
			isa = XCBuildConfiguration;
			buildSettings = {
				ASSETCATALOG_COMPILER_APPICON_NAME = AppIcon;
				INFOPLIST_FILE = Recipe/Info.plist;
				LD_RUNPATH_SEARCH_PATHS = "$(inherited) @executable_path/Frameworks";
				PRODUCT_BUNDLE_IDENTIFIER = com.senseshan.Recipe;
				PRODUCT_NAME = "$(TARGET_NAME)";
			};
			name = Debug;
		};
		7349AAB41D457A0E0016E8CE /* Release */ = {
			isa = XCBuildConfiguration;
			buildSettings = {
				ASSETCATALOG_COMPILER_APPICON_NAME = AppIcon;
				INFOPLIST_FILE = Recipe/Info.plist;
				LD_RUNPATH_SEARCH_PATHS = "$(inherited) @executable_path/Frameworks";
				PRODUCT_BUNDLE_IDENTIFIER = com.senseshan.Recipe;
				PRODUCT_NAME = "$(TARGET_NAME)";
			};
			name = Release;
		};
		7349AAB61D457A0E0016E8CE /* Debug */ = {
			isa = XCBuildConfiguration;
			buildSettings = {
				BUNDLE_LOADER = "$(TEST_HOST)";
				INFOPLIST_FILE = RecipeTests/Info.plist;
				LD_RUNPATH_SEARCH_PATHS = "$(inherited) @executable_path/Frameworks @loader_path/Frameworks";
				PRODUCT_BUNDLE_IDENTIFIER = com.senseshan.RecipeTests;
				PRODUCT_NAME = "$(TARGET_NAME)";
				TEST_HOST = "$(BUILT_PRODUCTS_DIR)/Recipe.app/Recipe";
			};
			name = Debug;
		};
		7349AAB71D457A0E0016E8CE /* Release */ = {
			isa = XCBuildConfiguration;
			buildSettings = {
				BUNDLE_LOADER = "$(TEST_HOST)";
				INFOPLIST_FILE = RecipeTests/Info.plist;
				LD_RUNPATH_SEARCH_PATHS = "$(inherited) @executable_path/Frameworks @loader_path/Frameworks";
				PRODUCT_BUNDLE_IDENTIFIER = com.senseshan.RecipeTests;
				PRODUCT_NAME = "$(TARGET_NAME)";
				TEST_HOST = "$(BUILT_PRODUCTS_DIR)/Recipe.app/Recipe";
			};
			name = Release;
		};
/* End XCBuildConfiguration section */

/* Begin XCConfigurationList section */
		7349AA901D457A0E0016E8CE /* Build configuration list for PBXProject "Recipe" */ = {
			isa = XCConfigurationList;
			buildConfigurations = (
				7349AAB01D457A0E0016E8CE /* Debug */,
				7349AAB11D457A0E0016E8CE /* Release */,
			);
			defaultConfigurationIsVisible = 0;
			defaultConfigurationName = Release;
		};
		7349AAB21D457A0E0016E8CE /* Build configuration list for PBXNativeTarget "Recipe" */ = {
			isa = XCConfigurationList;
			buildConfigurations = (
				7349AAB31D457A0E0016E8CE /* Debug */,
				7349AAB41D457A0E0016E8CE /* Release */,
			);
			defaultConfigurationIsVisible = 0;
		};
		7349AAB51D457A0E0016E8CE /* Build configuration list for PBXNativeTarget "RecipeTests" */ = {
			isa = XCConfigurationList;
			buildConfigurations = (
				7349AAB61D457A0E0016E8CE /* Debug */,
				7349AAB71D457A0E0016E8CE /* Release */,
			);
			defaultConfigurationIsVisible = 0;
		};
/* End XCConfigurationList section */
	};
	rootObject = 7349AA8D1D457A0E0016E8CE /* Project object */;
}
